{"format_version":"1.2","terraform_version":"1.5.4","planned_values":{"root_module":{"resources":[{"address":"aws_autoscaling_group.example3","mode":"managed","type":"aws_autoscaling_group","name":"example3","provider_name":"registry.terraform.io/hashicorp/aws","schema_version":1,"values":{"capacity_rebalance":null,"context":null,"default_instance_warmup":null,"desired_capacity":2,"desired_capacity_type":null,"enabled_metrics":null,"force_delete":false,"force_delete_warm_pool":false,"health_check_grace_period":300,"health_check_type":"EC2","ignore_failed_scaling_activities":false,"initial_lifecycle_hook":[],"instance_maintenance_policy":[],"instance_refresh":[],"max_instance_lifetime":null,"max_size":3,"metrics_granularity":"1Minute","min_elb_capacity":null,"min_size":1,"placement_group":null,"protect_from_scale_in":false,"suspended_processes":null,"tag":[{"key":"Name","propagate_at_launch":true,"value":"example-asg"}],"termination_policies":null,"timeouts":null,"wait_for_capacity_timeout":"10m","wait_for_elb_capacity":null,"warm_pool":[]},"sensitive_values":{"availability_zones":[],"initial_lifecycle_hook":[],"instance_maintenance_policy":[],"instance_refresh":[],"launch_template":[],"load_balancers":[],"mixed_instances_policy":[],"tag":[{}],"target_group_arns":[],"traffic_source":[],"vpc_zone_identifier":[],"warm_pool":[]}},{"address":"aws_db_instance.example_rds","mode":"managed","type":"aws_db_instance","name":"example_rds","provider_name":"registry.terraform.io/hashicorp/aws","schema_version":2,"values":{"allocated_storage":20,"allow_major_version_upgrade":null,"apply_immediately":false,"auto_minor_version_upgrade":true,"blue_green_update":[],"copy_tags_to_snapshot":false,"custom_iam_instance_profile":null,"customer_owned_ip_enabled":null,"delete_automated_backups":true,"deletion_protection":null,"domain":null,"domain_iam_role_name":null,"enabled_cloudwatch_logs_exports":null,"engine":"mysql","engine_version":"5.7","final_snapshot_identifier":null,"iam_database_authentication_enabled":null,"instance_class":"db.t2.micro","manage_master_user_password":null,"max_allocated_storage":null,"monitoring_interval":0,"password":"yourpassword","performance_insights_enabled":false,"publicly_accessible":false,"replicate_source_db":null,"restore_to_point_in_time":[],"s3_import":[],"skip_final_snapshot":false,"storage_encrypted":null,"storage_type":"gp2","tags":null,"timeouts":null,"username":"admin"},"sensitive_values":{"blue_green_update":[],"listener_endpoint":[],"master_user_secret":[],"replicas":[],"restore_to_point_in_time":[],"s3_import":[],"tags_all":{},"vpc_security_group_ids":[]}},{"address":"aws_ebs_volume.example","mode":"managed","type":"aws_ebs_volume","name":"example","provider_name":"registry.terraform.io/hashicorp/aws","schema_version":0,"values":{"availability_zone":"us-east-2a","encrypted":true,"final_snapshot":false,"multi_attach_enabled":null,"outpost_arn":null,"size":50,"tags":{"Environment":"Production","Name":"ExampleVolume"},"tags_all":{"Environment":"Production","Name":"ExampleVolume"},"timeouts":null,"type":"gp3"},"sensitive_values":{"tags":{},"tags_all":{}}},{"address":"aws_ebs_volume.example2","mode":"managed","type":"aws_ebs_volume","name":"example2","provider_name":"registry.terraform.io/hashicorp/aws","schema_version":0,"values":{"availability_zone":"us-east-2a","encrypted":true,"final_snapshot":false,"multi_attach_enabled":null,"outpost_arn":null,"size":10,"tags":{"Environment":"Production","Name":"ExampleVolume"},"tags_all":{"Environment":"Production","Name":"ExampleVolume"},"timeouts":null},"sensitive_values":{"tags":{},"tags_all":{}}},{"address":"aws_ecs_cluster.my_cluster","mode":"managed","type":"aws_ecs_cluster","name":"my_cluster","provider_name":"registry.terraform.io/hashicorp/aws","schema_version":0,"values":{"configuration":[],"name":"my-ecs-cluster","service_connect_defaults":[],"tags":null},"sensitive_values":{"configuration":[],"service_connect_defaults":[],"setting":[],"tags_all":{}}},{"address":"aws_eks_cluster.example_cluster","mode":"managed","type":"aws_eks_cluster","name":"example_cluster","provider_name":"registry.terraform.io/hashicorp/aws","schema_version":0,"values":{"enabled_cluster_log_types":null,"encryption_config":[],"name":"my-eks-cluster","outpost_config":[],"tags":{"Environment":"Production","Project":"MyProject"},"tags_all":{"Environment":"Production","Project":"MyProject"},"timeouts":null,"version":"1.21","vpc_config":[{"endpoint_private_access":false,"endpoint_public_access":true,"security_group_ids":["sg-xxxxxxxxxxx"],"subnet_ids":["subnet-xxxxxxxxxxx","subnet-yyyyyyyyyyy"]}]},"sensitive_values":{"certificate_authority":[],"encryption_config":[],"identity":[],"kubernetes_network_config":[],"outpost_config":[],"tags":{},"tags_all":{},"vpc_config":[{"public_access_cidrs":[],"security_group_ids":[false],"subnet_ids":[false,false]}]}},{"address":"aws_iam_policy.eks_policy","mode":"managed","type":"aws_iam_policy","name":"eks_policy","provider_name":"registry.terraform.io/hashicorp/aws","schema_version":0,"values":{"description":null,"name":"eks-policy","path":"/","policy":"{\"Statement\":[{\"Action\":[\"eks:Describe*\",\"eks:List*\",\"eks:AccessKubernetesApi\"],\"Effect\":\"Allow\",\"Resource\":\"*\"}],\"Version\":\"2012-10-17\"}","tags":null},"sensitive_values":{"tags_all":{}}},{"address":"aws_iam_role.eks_role","mode":"managed","type":"aws_iam_role","name":"eks_role","provider_name":"registry.terraform.io/hashicorp/aws","schema_version":0,"values":{"assume_role_policy":"{\"Statement\":[{\"Action\":\"sts:AssumeRole\",\"Effect\":\"Allow\",\"Principal\":{\"Service\":\"eks.amazonaws.com\"}}],\"Version\":\"2012-10-17\"}","description":null,"force_detach_policies":false,"max_session_duration":3600,"name":"eks-cluster-role","path":"/","permissions_boundary":null,"tags":null},"sensitive_values":{"inline_policy":[],"managed_policy_arns":[],"tags_all":{}}},{"address":"aws_iam_role_policy_attachment.eks_policy_attachment","mode":"managed","type":"aws_iam_role_policy_attachment","name":"eks_policy_attachment","provider_name":"registry.terraform.io/hashicorp/aws","schema_version":0,"values":{"role":"eks-cluster-role"},"sensitive_values":{}},{"address":"aws_instance.example","mode":"managed","type":"aws_instance","name":"example","provider_name":"registry.terraform.io/hashicorp/aws","schema_version":1,"values":{"ami":"ami-0c55b159cbfafe1f0","credit_specification":[],"get_password_data":false,"hibernation":null,"instance_type":"m5.large","key_name":"your-key-pair","launch_template":[],"source_dest_check":true,"tags":null,"timeouts":null,"user_data_replace_on_change":false,"volume_tags":null},"sensitive_values":{"capacity_reservation_specification":[],"cpu_options":[],"credit_specification":[],"ebs_block_device":[],"enclave_options":[],"ephemeral_block_device":[],"instance_market_options":[],"ipv6_addresses":[],"launch_template":[],"maintenance_options":[],"metadata_options":[],"network_interface":[],"private_dns_name_options":[],"root_block_device":[],"secondary_private_ips":[],"security_groups":[],"tags_all":{},"vpc_security_group_ids":[]}},{"address":"aws_instance.example2","mode":"managed","type":"aws_instance","name":"example2","provider_name":"registry.terraform.io/hashicorp/aws","schema_version":1,"values":{"ami":"ami-0c55b159cbfafe1f0","capacity_reservation_specification":[{"capacity_reservation_preference":"open","capacity_reservation_target":[]}],"credit_specification":[],"get_password_data":false,"hibernation":null,"instance_type":"t2.micro","key_name":"your-key-pair","launch_template":[],"source_dest_check":true,"tags":null,"timeouts":null,"user_data_replace_on_change":false,"volume_tags":null},"sensitive_values":{"capacity_reservation_specification":[{"capacity_reservation_target":[]}],"cpu_options":[],"credit_specification":[],"ebs_block_device":[],"enclave_options":[],"ephemeral_block_device":[],"instance_market_options":[],"ipv6_addresses":[],"launch_template":[],"maintenance_options":[],"metadata_options":[],"network_interface":[],"private_dns_name_options":[],"root_block_device":[],"secondary_private_ips":[],"security_groups":[],"tags_all":{},"vpc_security_group_ids":[]}},{"address":"aws_launch_configuration.example3","mode":"managed","type":"aws_launch_configuration","name":"example3","provider_name":"registry.terraform.io/hashicorp/aws","schema_version":0,"values":{"enable_monitoring":true,"ephemeral_block_device":[],"iam_instance_profile":null,"image_id":"ami-12345678","instance_type":"m7g.large","name":"example-config","placement_tenancy":null,"security_groups":null,"spot_price":null,"user_data":"da961bd7384d7de5ceafe1a887375b83c60268a1","user_data_base64":null},"sensitive_values":{"ebs_block_device":[],"ephemeral_block_device":[],"metadata_options":[],"root_block_device":[]}}]}},"resource_changes":[{"address":"aws_autoscaling_group.example3","mode":"managed","type":"aws_autoscaling_group","name":"example3","provider_name":"registry.terraform.io/hashicorp/aws","change":{"actions":["create"],"before":null,"after":{"capacity_rebalance":null,"context":null,"default_instance_warmup":null,"desired_capacity":2,"desired_capacity_type":null,"enabled_metrics":null,"force_delete":false,"force_delete_warm_pool":false,"health_check_grace_period":300,"health_check_type":"EC2","ignore_failed_scaling_activities":false,"initial_lifecycle_hook":[],"instance_maintenance_policy":[],"instance_refresh":[],"max_instance_lifetime":null,"max_size":3,"metrics_granularity":"1Minute","min_elb_capacity":null,"min_size":1,"placement_group":null,"protect_from_scale_in":false,"suspended_processes":null,"tag":[{"key":"Name","propagate_at_launch":true,"value":"example-asg"}],"termination_policies":null,"timeouts":null,"wait_for_capacity_timeout":"10m","wait_for_elb_capacity":null,"warm_pool":[]},"after_unknown":{"arn":true,"availability_zones":true,"default_cooldown":true,"id":true,"initial_lifecycle_hook":[],"instance_maintenance_policy":[],"instance_refresh":[],"launch_configuration":true,"launch_template":true,"load_balancers":true,"mixed_instances_policy":true,"name":true,"name_prefix":true,"predicted_capacity":true,"service_linked_role_arn":true,"tag":[{}],"target_group_arns":true,"traffic_source":true,"vpc_zone_identifier":true,"warm_pool":[],"warm_pool_size":true},"before_sensitive":false,"after_sensitive":{"availability_zones":[],"initial_lifecycle_hook":[],"instance_maintenance_policy":[],"instance_refresh":[],"launch_template":[],"load_balancers":[],"mixed_instances_policy":[],"tag":[{}],"target_group_arns":[],"traffic_source":[],"vpc_zone_identifier":[],"warm_pool":[]}}},{"address":"aws_db_instance.example_rds","mode":"managed","type":"aws_db_instance","name":"example_rds","provider_name":"registry.terraform.io/hashicorp/aws","change":{"actions":["create"],"before":null,"after":{"allocated_storage":20,"allow_major_version_upgrade":null,"apply_immediately":false,"auto_minor_version_upgrade":true,"blue_green_update":[],"copy_tags_to_snapshot":false,"custom_iam_instance_profile":null,"customer_owned_ip_enabled":null,"delete_automated_backups":true,"deletion_protection":null,"domain":null,"domain_iam_role_name":null,"enabled_cloudwatch_logs_exports":null,"engine":"mysql","engine_version":"5.7","final_snapshot_identifier":null,"iam_database_authentication_enabled":null,"instance_class":"db.t2.micro","manage_master_user_password":null,"max_allocated_storage":null,"monitoring_interval":0,"password":"yourpassword","performance_insights_enabled":false,"publicly_accessible":false,"replicate_source_db":null,"restore_to_point_in_time":[],"s3_import":[],"skip_final_snapshot":false,"storage_encrypted":null,"storage_type":"gp2","tags":null,"timeouts":null,"username":"admin"},"after_unknown":{"address":true,"arn":true,"availability_zone":true,"backup_retention_period":true,"backup_target":true,"backup_window":true,"blue_green_update":[],"ca_cert_identifier":true,"character_set_name":true,"db_name":true,"db_subnet_group_name":true,"endpoint":true,"engine_version_actual":true,"hosted_zone_id":true,"id":true,"identifier":true,"identifier_prefix":true,"iops":true,"kms_key_id":true,"latest_restorable_time":true,"license_model":true,"listener_endpoint":true,"maintenance_window":true,"master_user_secret":true,"master_user_secret_kms_key_id":true,"monitoring_role_arn":true,"multi_az":true,"nchar_character_set_name":true,"network_type":true,"option_group_name":true,"parameter_group_name":true,"performance_insights_kms_key_id":true,"performance_insights_retention_period":true,"port":true,"replica_mode":true,"replicas":true,"resource_id":true,"restore_to_point_in_time":[],"s3_import":[],"snapshot_identifier":true,"status":true,"storage_throughput":true,"tags_all":true,"timezone":true,"vpc_security_group_ids":true},"before_sensitive":false,"after_sensitive":{"blue_green_update":[],"listener_endpoint":[],"master_user_secret":[],"password":true,"replicas":[],"restore_to_point_in_time":[],"s3_import":[],"tags_all":{},"vpc_security_group_ids":[]}}},{"address":"aws_ebs_volume.example","mode":"managed","type":"aws_ebs_volume","name":"example","provider_name":"registry.terraform.io/hashicorp/aws","change":{"actions":["create"],"before":null,"after":{"availability_zone":"us-east-2a","encrypted":true,"final_snapshot":false,"multi_attach_enabled":null,"outpost_arn":null,"size":50,"tags":{"Environment":"Production","Name":"ExampleVolume"},"tags_all":{"Environment":"Production","Name":"ExampleVolume"},"timeouts":null,"type":"gp3"},"after_unknown":{"arn":true,"id":true,"iops":true,"kms_key_id":true,"snapshot_id":true,"tags":{},"tags_all":{},"throughput":true},"before_sensitive":false,"after_sensitive":{"tags":{},"tags_all":{}}}},{"address":"aws_ebs_volume.example2","mode":"managed","type":"aws_ebs_volume","name":"example2","provider_name":"registry.terraform.io/hashicorp/aws","change":{"actions":["create"],"before":null,"after":{"availability_zone":"us-east-2a","encrypted":true,"final_snapshot":false,"multi_attach_enabled":null,"outpost_arn":null,"size":10,"tags":{"Environment":"Production","Name":"ExampleVolume"},"tags_all":{"Environment":"Production","Name":"ExampleVolume"},"timeouts":null},"after_unknown":{"arn":true,"id":true,"iops":true,"kms_key_id":true,"snapshot_id":true,"tags":{},"tags_all":{},"throughput":true,"type":true},"before_sensitive":false,"after_sensitive":{"tags":{},"tags_all":{}}}},{"address":"aws_ecs_cluster.my_cluster","mode":"managed","type":"aws_ecs_cluster","name":"my_cluster","provider_name":"registry.terraform.io/hashicorp/aws","change":{"actions":["create"],"before":null,"after":{"configuration":[],"name":"my-ecs-cluster","service_connect_defaults":[],"tags":null},"after_unknown":{"arn":true,"configuration":[],"id":true,"service_connect_defaults":[],"setting":true,"tags_all":true},"before_sensitive":false,"after_sensitive":{"configuration":[],"service_connect_defaults":[],"setting":[],"tags_all":{}}}},{"address":"aws_eks_cluster.example_cluster","mode":"managed","type":"aws_eks_cluster","name":"example_cluster","provider_name":"registry.terraform.io/hashicorp/aws","change":{"actions":["create"],"before":null,"after":{"enabled_cluster_log_types":null,"encryption_config":[],"name":"my-eks-cluster","outpost_config":[],"tags":{"Environment":"Production","Project":"MyProject"},"tags_all":{"Environment":"Production","Project":"MyProject"},"timeouts":null,"version":"1.21","vpc_config":[{"endpoint_private_access":false,"endpoint_public_access":true,"security_group_ids":["sg-xxxxxxxxxxx"],"subnet_ids":["subnet-xxxxxxxxxxx","subnet-yyyyyyyyyyy"]}]},"after_unknown":{"arn":true,"certificate_authority":true,"cluster_id":true,"created_at":true,"encryption_config":[],"endpoint":true,"id":true,"identity":true,"kubernetes_network_config":true,"outpost_config":[],"platform_version":true,"role_arn":true,"status":true,"tags":{},"tags_all":{},"vpc_config":[{"cluster_security_group_id":true,"public_access_cidrs":true,"security_group_ids":[false],"subnet_ids":[false,false],"vpc_id":true}]},"before_sensitive":false,"after_sensitive":{"certificate_authority":[],"encryption_config":[],"identity":[],"kubernetes_network_config":[],"outpost_config":[],"tags":{},"tags_all":{},"vpc_config":[{"public_access_cidrs":[],"security_group_ids":[false],"subnet_ids":[false,false]}]}}},{"address":"aws_iam_policy.eks_policy","mode":"managed","type":"aws_iam_policy","name":"eks_policy","provider_name":"registry.terraform.io/hashicorp/aws","change":{"actions":["create"],"before":null,"after":{"description":null,"name":"eks-policy","path":"/","policy":"{\"Statement\":[{\"Action\":[\"eks:Describe*\",\"eks:List*\",\"eks:AccessKubernetesApi\"],\"Effect\":\"Allow\",\"Resource\":\"*\"}],\"Version\":\"2012-10-17\"}","tags":null},"after_unknown":{"arn":true,"id":true,"name_prefix":true,"policy_id":true,"tags_all":true},"before_sensitive":false,"after_sensitive":{"tags_all":{}}}},{"address":"aws_iam_role.eks_role","mode":"managed","type":"aws_iam_role","name":"eks_role","provider_name":"registry.terraform.io/hashicorp/aws","change":{"actions":["create"],"before":null,"after":{"assume_role_policy":"{\"Statement\":[{\"Action\":\"sts:AssumeRole\",\"Effect\":\"Allow\",\"Principal\":{\"Service\":\"eks.amazonaws.com\"}}],\"Version\":\"2012-10-17\"}","description":null,"force_detach_policies":false,"max_session_duration":3600,"name":"eks-cluster-role","path":"/","permissions_boundary":null,"tags":null},"after_unknown":{"arn":true,"create_date":true,"id":true,"inline_policy":true,"managed_policy_arns":true,"name_prefix":true,"tags_all":true,"unique_id":true},"before_sensitive":false,"after_sensitive":{"inline_policy":[],"managed_policy_arns":[],"tags_all":{}}}},{"address":"aws_iam_role_policy_attachment.eks_policy_attachment","mode":"managed","type":"aws_iam_role_policy_attachment","name":"eks_policy_attachment","provider_name":"registry.terraform.io/hashicorp/aws","change":{"actions":["create"],"before":null,"after":{"role":"eks-cluster-role"},"after_unknown":{"id":true,"policy_arn":true},"before_sensitive":false,"after_sensitive":{}}},{"address":"aws_instance.example","mode":"managed","type":"aws_instance","name":"example","provider_name":"registry.terraform.io/hashicorp/aws","change":{"actions":["create"],"before":null,"after":{"ami":"ami-0c55b159cbfafe1f0","credit_specification":[],"get_password_data":false,"hibernation":null,"instance_type":"m5.large","key_name":"your-key-pair","launch_template":[],"source_dest_check":true,"tags":null,"timeouts":null,"user_data_replace_on_change":false,"volume_tags":null},"after_unknown":{"arn":true,"associate_public_ip_address":true,"availability_zone":true,"capacity_reservation_specification":true,"cpu_core_count":true,"cpu_options":true,"cpu_threads_per_core":true,"credit_specification":[],"disable_api_stop":true,"disable_api_termination":true,"ebs_block_device":true,"ebs_optimized":true,"enclave_options":true,"ephemeral_block_device":true,"host_id":true,"host_resource_group_arn":true,"iam_instance_profile":true,"id":true,"instance_initiated_shutdown_behavior":true,"instance_lifecycle":true,"instance_market_options":true,"instance_state":true,"ipv6_address_count":true,"ipv6_addresses":true,"launch_template":[],"maintenance_options":true,"metadata_options":true,"monitoring":true,"network_interface":true,"outpost_arn":true,"password_data":true,"placement_group":true,"placement_partition_number":true,"primary_network_interface_id":true,"private_dns":true,"private_dns_name_options":true,"private_ip":true,"public_dns":true,"public_ip":true,"root_block_device":true,"secondary_private_ips":true,"security_groups":true,"spot_instance_request_id":true,"subnet_id":true,"tags_all":true,"tenancy":true,"user_data":true,"user_data_base64":true,"vpc_security_group_ids":true},"before_sensitive":false,"after_sensitive":{"capacity_reservation_specification":[],"cpu_options":[],"credit_specification":[],"ebs_block_device":[],"enclave_options":[],"ephemeral_block_device":[],"instance_market_options":[],"ipv6_addresses":[],"launch_template":[],"maintenance_options":[],"metadata_options":[],"network_interface":[],"private_dns_name_options":[],"root_block_device":[],"secondary_private_ips":[],"security_groups":[],"tags_all":{},"vpc_security_group_ids":[]}}},{"address":"aws_instance.example2","mode":"managed","type":"aws_instance","name":"example2","provider_name":"registry.terraform.io/hashicorp/aws","change":{"actions":["create"],"before":null,"after":{"ami":"ami-0c55b159cbfafe1f0","capacity_reservation_specification":[{"capacity_reservation_preference":"open","capacity_reservation_target":[]}],"credit_specification":[],"get_password_data":false,"hibernation":null,"instance_type":"t2.micro","key_name":"your-key-pair","launch_template":[],"source_dest_check":true,"tags":null,"timeouts":null,"user_data_replace_on_change":false,"volume_tags":null},"after_unknown":{"arn":true,"associate_public_ip_address":true,"availability_zone":true,"capacity_reservation_specification":[{"capacity_reservation_target":[]}],"cpu_core_count":true,"cpu_options":true,"cpu_threads_per_core":true,"credit_specification":[],"disable_api_stop":true,"disable_api_termination":true,"ebs_block_device":true,"ebs_optimized":true,"enclave_options":true,"ephemeral_block_device":true,"host_id":true,"host_resource_group_arn":true,"iam_instance_profile":true,"id":true,"instance_initiated_shutdown_behavior":true,"instance_lifecycle":true,"instance_market_options":true,"instance_state":true,"ipv6_address_count":true,"ipv6_addresses":true,"launch_template":[],"maintenance_options":true,"metadata_options":true,"monitoring":true,"network_interface":true,"outpost_arn":true,"password_data":true,"placement_group":true,"placement_partition_number":true,"primary_network_interface_id":true,"private_dns":true,"private_dns_name_options":true,"private_ip":true,"public_dns":true,"public_ip":true,"root_block_device":true,"secondary_private_ips":true,"security_groups":true,"spot_instance_request_id":true,"subnet_id":true,"tags_all":true,"tenancy":true,"user_data":true,"user_data_base64":true,"vpc_security_group_ids":true},"before_sensitive":false,"after_sensitive":{"capacity_reservation_specification":[{"capacity_reservation_target":[]}],"cpu_options":[],"credit_specification":[],"ebs_block_device":[],"enclave_options":[],"ephemeral_block_device":[],"instance_market_options":[],"ipv6_addresses":[],"launch_template":[],"maintenance_options":[],"metadata_options":[],"network_interface":[],"private_dns_name_options":[],"root_block_device":[],"secondary_private_ips":[],"security_groups":[],"tags_all":{},"vpc_security_group_ids":[]}}},{"address":"aws_launch_configuration.example3","mode":"managed","type":"aws_launch_configuration","name":"example3","provider_name":"registry.terraform.io/hashicorp/aws","change":{"actions":["create"],"before":null,"after":{"enable_monitoring":true,"ephemeral_block_device":[],"iam_instance_profile":null,"image_id":"ami-12345678","instance_type":"m7g.large","name":"example-config","placement_tenancy":null,"security_groups":null,"spot_price":null,"user_data":"da961bd7384d7de5ceafe1a887375b83c60268a1","user_data_base64":null},"after_unknown":{"arn":true,"associate_public_ip_address":true,"ebs_block_device":true,"ebs_optimized":true,"ephemeral_block_device":[],"id":true,"key_name":true,"metadata_options":true,"name_prefix":true,"root_block_device":true},"before_sensitive":false,"after_sensitive":{"ebs_block_device":[],"ephemeral_block_device":[],"metadata_options":[],"root_block_device":[]}}}],"configuration":{"provider_config":{"aws":{"name":"aws","full_name":"registry.terraform.io/hashicorp/aws","expressions":{"region":{"constant_value":"us-west-2"}}}},"root_module":{"resources":[{"address":"aws_autoscaling_group.example3","mode":"managed","type":"aws_autoscaling_group","name":"example3","provider_config_key":"aws","expressions":{"desired_capacity":{"constant_value":2},"health_check_type":{"constant_value":"EC2"},"launch_configuration":{"references":["aws_launch_configuration.example3.id","aws_launch_configuration.example3"]},"max_size":{"constant_value":3},"min_size":{"constant_value":1},"tag":[{"key":{"constant_value":"Name"},"propagate_at_launch":{"constant_value":true},"value":{"constant_value":"example-asg"}}]},"schema_version":1},{"address":"aws_db_instance.example_rds","mode":"managed","type":"aws_db_instance","name":"example_rds","provider_config_key":"aws","expressions":{"allocated_storage":{"constant_value":20},"engine":{"constant_value":"mysql"},"engine_version":{"constant_value":"5.7"},"instance_class":{"constant_value":"db.t2.micro"},"password":{"constant_value":"yourpassword"},"storage_type":{"constant_value":"gp2"},"username":{"constant_value":"admin"}},"schema_version":2},{"address":"aws_ebs_volume.example","mode":"managed","type":"aws_ebs_volume","name":"example","provider_config_key":"aws","expressions":{"availability_zone":{"constant_value":"us-east-2a"},"encrypted":{"constant_value":true},"size":{"constant_value":50},"tags":{"constant_value":{"Environment":"Production","Name":"ExampleVolume"}},"type":{"constant_value":"gp3"}},"schema_version":0},{"address":"aws_ebs_volume.example2","mode":"managed","type":"aws_ebs_volume","name":"example2","provider_config_key":"aws","expressions":{"availability_zone":{"constant_value":"us-east-2a"},"encrypted":{"constant_value":true},"size":{"constant_value":10},"tags":{"constant_value":{"Environment":"Production","Name":"ExampleVolume"}}},"schema_version":0},{"address":"aws_ecs_cluster.my_cluster","mode":"managed","type":"aws_ecs_cluster","name":"my_cluster","provider_config_key":"aws","expressions":{"name":{"constant_value":"my-ecs-cluster"}},"schema_version":0},{"address":"aws_eks_cluster.example_cluster","mode":"managed","type":"aws_eks_cluster","name":"example_cluster","provider_config_key":"aws","expressions":{"name":{"constant_value":"my-eks-cluster"},"role_arn":{"references":["aws_iam_role.eks_role.arn","aws_iam_role.eks_role"]},"tags":{"constant_value":{"Environment":"Production","Project":"MyProject"}},"version":{"constant_value":"1.21"},"vpc_config":[{"security_group_ids":{"constant_value":["sg-xxxxxxxxxxx"]},"subnet_ids":{"constant_value":["subnet-xxxxxxxxxxx","subnet-yyyyyyyyyyy"]}}]},"schema_version":0},{"address":"aws_iam_policy.eks_policy","mode":"managed","type":"aws_iam_policy","name":"eks_policy","provider_config_key":"aws","expressions":{"name":{"constant_value":"eks-policy"},"policy":{}},"schema_version":0},{"address":"aws_iam_role.eks_role","mode":"managed","type":"aws_iam_role","name":"eks_role","provider_config_key":"aws","expressions":{"assume_role_policy":{},"name":{"constant_value":"eks-cluster-role"}},"schema_version":0},{"address":"aws_iam_role_policy_attachment.eks_policy_attachment","mode":"managed","type":"aws_iam_role_policy_attachment","name":"eks_policy_attachment","provider_config_key":"aws","expressions":{"policy_arn":{"references":["aws_iam_policy.eks_policy.arn","aws_iam_policy.eks_policy"]},"role":{"references":["aws_iam_role.eks_role.name","aws_iam_role.eks_role"]}},"schema_version":0},{"address":"aws_instance.example","mode":"managed","type":"aws_instance","name":"example","provider_config_key":"aws","expressions":{"ami":{"constant_value":"ami-0c55b159cbfafe1f0"},"instance_type":{"constant_value":"m5.large"},"key_name":{"constant_value":"your-key-pair"}},"schema_version":1},{"address":"aws_instance.example2","mode":"managed","type":"aws_instance","name":"example2","provider_config_key":"aws","expressions":{"ami":{"constant_value":"ami-0c55b159cbfafe1f0"},"capacity_reservation_specification":[{"capacity_reservation_preference":{"constant_value":"open"}}],"instance_type":{"constant_value":"t2.micro"},"key_name":{"constant_value":"your-key-pair"}},"schema_version":1},{"address":"aws_launch_configuration.example3","mode":"managed","type":"aws_launch_configuration","name":"example3","provider_config_key":"aws","expressions":{"image_id":{"constant_value":"ami-12345678"},"instance_type":{"constant_value":"m7g.large"},"name":{"constant_value":"example-config"},"user_data":{"constant_value":"#!/bin/bash\necho \"Hello, World!\" \u003e index.html\nnohup python -m SimpleHTTPServer 80 \u0026\n"}},"schema_version":0}]}},"relevant_attributes":[{"resource":"aws_iam_policy.eks_policy","attribute":["arn"]},{"resource":"aws_iam_role.eks_role","attribute":["name"]},{"resource":"aws_iam_role.eks_role","attribute":["arn"]},{"resource":"aws_launch_configuration.example3","attribute":["id"]}],"timestamp":"2023-12-23T19:05:27Z"}
